
Microsoft Visual Studio Solution File, Format Version 12.00
# Visual Studio Version 17
VisualStudioVersion = 17.12.35527.113
MinimumVisualStudioVersion = 10.0.40219.1
Project("{FAE04EC0-301F-11D3-BF4B-00C04F79EFBC}") = "GerenciadorDeTarefa.Api", "GerenciadorDeTarefa.Api\GerenciadorDeTarefa.Api.csproj", "{C2F66EFD-07F4-45B0-8D19-98759413715B}"
EndProject
Project("{FAE04EC0-301F-11D3-BF4B-00C04F79EFBC}") = "GerenciadorDeTarefa.Application", "GerenciadorDeTarefa.Application\GerenciadorDeTarefa.Application.csproj", "{F6221C87-88CE-4698-BA51-75575037A186}"
EndProject
Project("{FAE04EC0-301F-11D3-BF4B-00C04F79EFBC}") = "GerenciadorDeTarefa.Domain", "GerenciadorDeTarefa.Domain\GerenciadorDeTarefa.Domain.csproj", "{94863CF7-A498-4869-9DFC-30EAAE358530}"
EndProject
Project("{FAE04EC0-301F-11D3-BF4B-00C04F79EFBC}") = "GerenciadorDeTarefa.Infrastructure", "GerenciadorDeTarefa.Infrastructure\GerenciadorDeTarefa.Infrastructure.csproj", "{79E65F6C-DA57-4B7E-BD2B-D883F38D249D}"
EndProject
Project("{E53339B2-1760-4266-BCC7-CA923CBCF16C}") = "docker-compose", "docker-compose.dcproj", "{07D0A109-35EB-41D8-9A58-9F33D2827AC1}"
EndProject
Project("{FAE04EC0-301F-11D3-BF4B-00C04F79EFBC}") = "GerenciadorDeTarefa.UnitTests", "GerenciadorDeTarefa.UnitTests\GerenciadorDeTarefa.UnitTests.csproj", "{91F5355D-9FC4-4477-ADD3-0AC04FF434D2}"
EndProject
Global
	GlobalSection(SolutionConfigurationPlatforms) = preSolution
		Debug|Any CPU = Debug|Any CPU
		Release|Any CPU = Release|Any CPU
	EndGlobalSection
	GlobalSection(ProjectConfigurationPlatforms) = postSolution
		{C2F66EFD-07F4-45B0-8D19-98759413715B}.Debug|Any CPU.ActiveCfg = Debug|Any CPU
		{C2F66EFD-07F4-45B0-8D19-98759413715B}.Debug|Any CPU.Build.0 = Debug|Any CPU
		{C2F66EFD-07F4-45B0-8D19-98759413715B}.Release|Any CPU.ActiveCfg = Release|Any CPU
		{C2F66EFD-07F4-45B0-8D19-98759413715B}.Release|Any CPU.Build.0 = Release|Any CPU
		{F6221C87-88CE-4698-BA51-75575037A186}.Debug|Any CPU.ActiveCfg = Debug|Any CPU
		{F6221C87-88CE-4698-BA51-75575037A186}.Debug|Any CPU.Build.0 = Debug|Any CPU
		{F6221C87-88CE-4698-BA51-75575037A186}.Release|Any CPU.ActiveCfg = Release|Any CPU
		{F6221C87-88CE-4698-BA51-75575037A186}.Release|Any CPU.Build.0 = Release|Any CPU
		{94863CF7-A498-4869-9DFC-30EAAE358530}.Debug|Any CPU.ActiveCfg = Debug|Any CPU
		{94863CF7-A498-4869-9DFC-30EAAE358530}.Debug|Any CPU.Build.0 = Debug|Any CPU
		{94863CF7-A498-4869-9DFC-30EAAE358530}.Release|Any CPU.ActiveCfg = Release|Any CPU
		{94863CF7-A498-4869-9DFC-30EAAE358530}.Release|Any CPU.Build.0 = Release|Any CPU
		{79E65F6C-DA57-4B7E-BD2B-D883F38D249D}.Debug|Any CPU.ActiveCfg = Debug|Any CPU
		{79E65F6C-DA57-4B7E-BD2B-D883F38D249D}.Debug|Any CPU.Build.0 = Debug|Any CPU
		{79E65F6C-DA57-4B7E-BD2B-D883F38D249D}.Release|Any CPU.ActiveCfg = Release|Any CPU
		{79E65F6C-DA57-4B7E-BD2B-D883F38D249D}.Release|Any CPU.Build.0 = Release|Any CPU
		{07D0A109-35EB-41D8-9A58-9F33D2827AC1}.Debug|Any CPU.ActiveCfg = Debug|Any CPU
		{07D0A109-35EB-41D8-9A58-9F33D2827AC1}.Debug|Any CPU.Build.0 = Debug|Any CPU
		{07D0A109-35EB-41D8-9A58-9F33D2827AC1}.Release|Any CPU.ActiveCfg = Release|Any CPU
		{07D0A109-35EB-41D8-9A58-9F33D2827AC1}.Release|Any CPU.Build.0 = Release|Any CPU
		{91F5355D-9FC4-4477-ADD3-0AC04FF434D2}.Debug|Any CPU.ActiveCfg = Debug|Any CPU
		{91F5355D-9FC4-4477-ADD3-0AC04FF434D2}.Debug|Any CPU.Build.0 = Debug|Any CPU
		{91F5355D-9FC4-4477-ADD3-0AC04FF434D2}.Release|Any CPU.ActiveCfg = Release|Any CPU
		{91F5355D-9FC4-4477-ADD3-0AC04FF434D2}.Release|Any CPU.Build.0 = Release|Any CPU
	EndGlobalSection
	GlobalSection(SolutionProperties) = preSolution
		HideSolutionNode = FALSE
	EndGlobalSection
EndGlobal
